github.com/Azure/azure-sdk-for-go/sdk/armcore v0.1.0 h1:i4/txgB7gpzLa3YBBPnSSXnRB5+oOd+79M3EhlaaEHM=
github.com/Azure/azure-sdk-for-go/sdk/armcore v0.1.0/go.mod h1:/cH2D+NpD2KRgnop4cU+S5P2On5mP6KWgpWq48+Bt/M=
github.com/Azure/azure-sdk-for-go/sdk/azcore v0.8.0 h1:ogZVkNX3wS6ekWS3hD9sQCghWIGfw8CQ9JKv0rQQlVw=
github.com/Azure/azure-sdk-for-go/sdk/azcore v0.8.0/go.mod h1:UKq2za3CMGx75vfPM9tPSuTBNODR4hX1qAeb+GRoDkc=
github.com/Azure/azure-sdk-for-go/sdk/azcore v0.9.0 h1:VdhfbVpQ3dkhXYOx/Wj1+utikcZkZSZSmpqmXWwaNJY=
github.com/Azure/azure-sdk-for-go/sdk/azcore v0.9.0/go.mod h1:hL9TGc07RkJVzDIBxsYXC/r0M+YiRkvl4z1elXCD+8s=
github.com/Azure/azure-sdk-for-go/sdk/internal v0.1.0 h1:sgOdyT1ZAW3nErwCuvlGrkeP03pTtbRBW5MGCXWGZws=
github.com/Azure/azure-sdk-for-go/sdk/internal v0.1.0/go.mod h1:Q+TCQnSr+clUU0JU+xrHZ3slYCxw17AOFdvWFpQXjAY=
github.com/Azure/azure-sdk-for-go/sdk/internal v0.2.0 h1:cLpVMIkXC/umSP9DMz9I6FttDWJAsmvhpaB6MlkagGY=
github.com/Azure/azure-sdk-for-go/sdk/internal v0.2.0/go.mod h1:Q+TCQnSr+clUU0JU+xrHZ3slYCxw17AOFdvWFpQXjAY=
github.com/Azure/azure-sdk-for-go/sdk/to v0.1.0 h1:5PmE4x8xzfL3onRdC5adQPrJSMDhYT2h5DwPB1uR9tA=
github.com/Azure/azure-sdk-for-go/sdk/to v0.1.0/go.mod h1:UL/d4lvWAzSJUuX+19uKdN0ktyjoOyQhgY+HWNgtIYI=
