hash: 3a11da81c75582dfd5068c841666b0efe621a6191b1b976d389b0223aa118472
updated: 2017-01-17T12:47:26.9853413-08:00
imports:
- name: github.com/Azure/azure-sdk-for-go
  version: d05c22dc3f9fdd2ec6e3593839fdd44df17f2de5
  subpackages:
  - arm/examples/helpers
  - arm/storage
  - management
  - management/hostedservice
  - management/storageservice
  - management/virtualmachine
  - management/vmutils
  - management/virtualmachinedisk
  - management/location
  - management/testutils
  - management/osimage
  - management/virtualmachineimage
- name: github.com/Azure/go-autorest
  version: d7c034a8af24eda120dd6460bfcd6d9ed14e43ca
  subpackages:
  - autorest
  - autorest/azure
  - autorest/date
  - autorest/to
  - autorest/validation
- name: github.com/dgrijalva/jwt-go
  version: a601269ab70c205d26370c16f7c81e9017c14e04
- name: github.com/howeyc/gopass
  version: bf9dde6d0d2c004a008c27aaee91170c786f6db8
- name: github.com/mattn/go-colorable
  version: d228849504861217f796da67fae4f6e347643f15
- name: github.com/mattn/go-isatty
  version: 30a891c33c7cde7b02a981314b4228ec99380cca
- name: github.com/mgutz/ansi
  version: c286dcecd19ff979eeb73ea444e479b903f2cfcb
- name: github.com/mgutz/minimist
  version: 39eb8cf573ca29344bd7d7e6ba4d7febdebd37a9
- name: github.com/mgutz/str
  version: 968bf66e3da857419e4f6e71b2d5c9ae95682dc4
- name: github.com/mgutz/to
  version: 00c06406c2dd2e011f153a6502a21473676db33f
- name: github.com/MichaelTJones/walk
  version: 4748e29d5718c2df4028a6543edf86fd8cc0f881
- name: github.com/nozzle/throttler
  version: d9b45f19996c645d38c9266d1f5cf1990e930119
- name: github.com/satori/uuid
  version: b061729afc07e77a8aa4fad0a2fd840958f1942a
- name: github.com/shopspring/decimal
  version: d6f52241f332c63811249bd79a522406bea1a7c9
- name: golang.org/x/crypto
  version: 91902e332b9d47760598861512d2ae148f94ca58
  subpackages:
  - pkcs12
  - pkcs12/internal/rc2
  - ssh/terminal
- name: golang.org/x/sys
  version: d75a52659825e75fff6158388dddc6a5b04f9ba5
  subpackages:
  - unix
- name: gopkg.in/check.v1
  version: 20d25e2804050c1cd24a7eea1e7a6447dd0e74ec
- name: gopkg.in/godo.v2
  version: b5fd2f0bef1ebe832e628cfad18ab1cc707f65a1
  subpackages:
  - glob
  - util
  - watcher
  - watcher/fswatch
testImports: []
