github.com/Azure/azure-sdk-for-go/sdk/azcore v0.9.6 h1:Pcqitzt/YJIZWfoa/cwB42VB/Xd0ZU+lDqzDevi+xcg=
github.com/Azure/azure-sdk-for-go/sdk/azcore v0.9.6/go.mod h1:Di5xm8E6X6yte1db/npBJSxzNliJpAMo0ZIZStGzp+4=
github.com/Azure/azure-sdk-for-go/sdk/internal v0.2.3 h1:LqwNXxJyW493jG65Ki37BSgGtWN/YJHS8U8Pa7RGwrU=
github.com/Azure/azure-sdk-for-go/sdk/internal v0.2.3/go.mod h1:Q+TCQnSr+clUU0JU+xrHZ3slYCxw17AOFdvWFpQXjAY=
