dependencies:
- name: stress-test-addons
  repository: file:///home/me/src/_/azsdktools-stress-pg2/tools/stress-cluster/cluster/kubernetes/stress-test-addons
  version: 0.2.0
digest: sha256:cdbff4339a3380a641472a5ed66ed3e85e49144907b509c9bc441137abbc3f4a
generated: "2023-04-21T11:52:07.415961962-07:00"
