github.com/Azure/azure-sdk-for-go/sdk/azcore v0.8.2 h1:A+8ZU8LjOUX3Ky0mAhY4ct7dWSHjBfa/srPU+M3eLEU=
github.com/Azure/azure-sdk-for-go/sdk/azcore v0.8.2/go.mod h1:pjLfCjJh+VPLwZylRHc9ZDwRMqHLvfUGH52c/hmBvLs=
github.com/Azure/azure-sdk-for-go/sdk/internal v0.1.1 h1:S87cbjhPwbSqbygGH69JpB6txa/y1ce2ewaWBQa8Cws=
github.com/Azure/azure-sdk-for-go/sdk/internal v0.1.1/go.mod h1:Q+TCQnSr+clUU0JU+xrHZ3slYCxw17AOFdvWFpQXjAY=
