hash: 505ffc69edcd655a2034154fe3d1f315193ec554da9267a70b1f1e670223c499
updated: 2017-09-11T12:50:01.1435765-07:00
imports:
- name: github.com/marstr/collection
  version: b500cc5ead2f54bc213f11de40f8e1f748d986dc
- name: github.com/marstr/swagger
  version: f5db4ed2802c335b4fb1b5c60d2da5ea62ba8055
- name: github.com/Masterminds/semver
  version: 517734cc7d6470c0d07130e40fd40bdeb9bcd3fd
testImports: []
