github.com/Azure/azure-sdk-for-go/sdk/azcore v1.9.0 h1:fb8kj/Dh4CSwgsOzHeZY4Xh68cFVbzXx+ONXGMY//4w=
github.com/Azure/azure-sdk-for-go/sdk/azcore v1.9.0/go.mod h1:uReU2sSxZExRPBAg3qKzmAucSi51+SP1OhohieR821Q=
github.com/Azure/azure-sdk-for-go/sdk/internal v1.5.0 h1:d81/ng9rET2YqdVkVwkb6EXeRrLJIwyGnJcAlAWKwhs=
github.com/Azure/azure-sdk-for-go/sdk/internal v1.5.0/go.mod h1:s4kgfzA0covAXNicZHDMN58jExvcng2mC/DepXiF1EI=
github.com/davecgh/go-spew v1.1.1 h1:vj9j/u1bqnvCEfJOwUhtlOARqs3+rkHYY13jYWTU97c=
github.com/pmezard/go-difflib v1.0.0 h1:4DBwDE0NGyQoBHbLQYPwSUPoCMWR5BEzIk/f1lZbAQM=
github.com/stretchr/testify v1.8.4 h1:CcVxjf3Q8PM0mHUKJCdn+eZZtm5yQwehR5yeSVQQcUk=
golang.org/x/net v0.17.0 h1:pVaXccu2ozPjCXewfr1S7xza/zcXTity9cCdXQYSjIM=
golang.org/x/net v0.17.0/go.mod h1:NxSsAGuq816PNPmqtQdLE42eU2Fs7NoRIZrHJAlaCOE=
golang.org/x/text v0.13.0 h1:ablQoSUd0tRdKxZewP80B+BaqeKJuVhuRxj/dkrun3k=
golang.org/x/text v0.13.0/go.mod h1:TvPlkZtksWOMsz7fbANvkp4WM8x/WCo/om8BMLbz+aE=
gopkg.in/yaml.v3 v3.0.1 h1:fxVm/GzAzEWqLHuvctI91KS9hhNmmWOoWu0XTYJS7CA=
